
Microsoft Visual Studio Solution File, Format Version 12.00
# Visual Studio 14
VisualStudioVersion = 14.0.24720.0
MinimumVisualStudioVersion = 10.0.40219.1
Project("{2150E333-8FDC-42A3-9474-1A3956D46DE8}") = "src", "src", "{013031D8-CB63-476B-9B08-03DC2B4699E0}"
EndProject
Project("{2150E333-8FDC-42A3-9474-1A3956D46DE8}") = "Solution Items", "Solution Items", "{EEDB575A-68C0-48BD-A6D5-7683AE82A9E3}"
	ProjectSection(SolutionItems) = preProject
		global.json = global.json
	EndProjectSection
EndProject
Project("{8BB2217D-0F2D-49D1-97BC-3654ED321F3B}") = "WebApplication1", "src\WebApplication1\WebApplication1.xproj", "{3CAEF285-125F-4C89-91D8-F5A7ABE99CF4}"
EndProject
Global
	GlobalSection(SolutionConfigurationPlatforms) = preSolution
		Debug|Any CPU = Debug|Any CPU
		Release|Any CPU = Release|Any CPU
	EndGlobalSection
	GlobalSection(ProjectConfigurationPlatforms) = postSolution
		{3CAEF285-125F-4C89-91D8-F5A7ABE99CF4}.Debug|Any CPU.ActiveCfg = Debug|Any CPU
		{3CAEF285-125F-4C89-91D8-F5A7ABE99CF4}.Debug|Any CPU.Build.0 = Debug|Any CPU
		{3CAEF285-125F-4C89-91D8-F5A7ABE99CF4}.Release|Any CPU.ActiveCfg = Release|Any CPU
		{3CAEF285-125F-4C89-91D8-F5A7ABE99CF4}.Release|Any CPU.Build.0 = Release|Any CPU
	EndGlobalSection
	GlobalSection(SolutionProperties) = preSolution
		HideSolutionNode = FALSE
	EndGlobalSection
	GlobalSection(NestedProjects) = preSolution
		{3CAEF285-125F-4C89-91D8-F5A7ABE99CF4} = {013031D8-CB63-476B-9B08-03DC2B4699E0}
	EndGlobalSection
EndGlobal
